
Microsoft Visual Studio Solution File, Format Version 12.00
# Visual Studio 15
VisualStudioVersion = 15.0.28306.52
MinimumVisualStudioVersion = 10.0.40219.1
Project("{9A19103F-16F7-4668-BE54-9A1E7A4F7556}") = "Google_ReCaptcha_MVC_Core", "Google_ReCaptcha_MVC_Core\Google_ReCaptcha_MVC_Core.csproj", "{BD0583D0-0EA5-4B3B-8197-E6745FD2A5A4}"
EndProject
Global
	GlobalSection(SolutionConfigurationPlatforms) = preSolution
		Debug|Any CPU = Debug|Any CPU
		Release|Any CPU = Release|Any CPU
	EndGlobalSection
	GlobalSection(ProjectConfigurationPlatforms) = postSolution
		{BD0583D0-0EA5-4B3B-8197-E6745FD2A5A4}.Debug|Any CPU.ActiveCfg = Debug|Any CPU
		{BD0583D0-0EA5-4B3B-8197-E6745FD2A5A4}.Debug|Any CPU.Build.0 = Debug|Any CPU
		{BD0583D0-0EA5-4B3B-8197-E6745FD2A5A4}.Release|Any CPU.ActiveCfg = Release|Any CPU
		{BD0583D0-0EA5-4B3B-8197-E6745FD2A5A4}.Release|Any CPU.Build.0 = Release|Any CPU
	EndGlobalSection
	GlobalSection(SolutionProperties) = preSolution
		HideSolutionNode = FALSE
	EndGlobalSection
	GlobalSection(ExtensibilityGlobals) = postSolution
		SolutionGuid = {85069139-33F9-44D1-839E-1B58D5C75006}
	EndGlobalSection
EndGlobal
